// !$*UTF8*$!
{
	archiveVersion = 1;
	classes = {
	};
	objectVersion = 46;
	objects = {

/* Begin PBXBuildFile section */
		42A5DF45CA9D465B9923E5E5 /* libPods-ContactMap.a in Frameworks */ = {isa = PBXBuildFile; fileRef = F98E8506B9AA7929EDF569FE /* libPods-ContactMap.a */; };
		98A1641D1F48113C005E85A1 /* ShowContactsViewController.m in Sources */ = {isa = PBXBuildFile; fileRef = 98A1641C1F48113C005E85A1 /* ShowContactsViewController.m */; };
		98A164231F484C9E005E85A1 /* UIView+Toast.m in Sources */ = {isa = PBXBuildFile; fileRef = 98A164221F484C9E005E85A1 /* UIView+Toast.m */; };
		98BE3BB31F47F4A4002EF3D5 /* main.m in Sources */ = {isa = PBXBuildFile; fileRef = 98BE3BB21F47F4A4002EF3D5 /* main.m */; };
		98BE3BB61F47F4A4002EF3D5 /* AppDelegate.m in Sources */ = {isa = PBXBuildFile; fileRef = 98BE3BB51F47F4A4002EF3D5 /* AppDelegate.m */; };
		98BE3BBC1F47F4A4002EF3D5 /* Main.storyboard in Resources */ = {isa = PBXBuildFile; fileRef = 98BE3BBA1F47F4A4002EF3D5 /* Main.storyboard */; };
		98BE3BBF1F47F4A4002EF3D5 /* ContactMap.xcdatamodeld in Sources */ = {isa = PBXBuildFile; fileRef = 98BE3BBD1F47F4A4002EF3D5 /* ContactMap.xcdatamodeld */; };
		98BE3BC11F47F4A4002EF3D5 /* Assets.xcassets in Resources */ = {isa = PBXBuildFile; fileRef = 98BE3BC01F47F4A4002EF3D5 /* Assets.xcassets */; };
		98BE3BC41F47F4A4002EF3D5 /* LaunchScreen.storyboard in Resources */ = {isa = PBXBuildFile; fileRef = 98BE3BC21F47F4A4002EF3D5 /* LaunchScreen.storyboard */; };
		98BE3BCE1F47F65C002EF3D5 /* AddContactViewController.m in Sources */ = {isa = PBXBuildFile; fileRef = 98BE3BCD1F47F65C002EF3D5 /* AddContactViewController.m */; };
/* End PBXBuildFile section */

/* Begin PBXFileReference section */
		696724F95F3C5A5AC7F75736 /* Pods-ContactMap.debug.xcconfig */ = {isa = PBXFileReference; includeInIndex = 1; lastKnownFileType = text.xcconfig; name = "Pods-ContactMap.debug.xcconfig"; path = "Pods/Target Support Files/Pods-ContactMap/Pods-ContactMap.debug.xcconfig"; sourceTree = "<group>"; };
		98A1641B1F48113C005E85A1 /* ShowContactsViewController.h */ = {isa = PBXFileReference; fileEncoding = 4; lastKnownFileType = sourcecode.c.h; name = ShowContactsViewController.h; path = ShowContact/ShowContactsViewController.h; sourceTree = "<group>"; };
		98A1641C1F48113C005E85A1 /* ShowContactsViewController.m */ = {isa = PBXFileReference; fileEncoding = 4; lastKnownFileType = sourcecode.c.objc; name = ShowContactsViewController.m; path = ShowContact/ShowContactsViewController.m; sourceTree = "<group>"; };
		98A164211F484C9E005E85A1 /* UIView+Toast.h */ = {isa = PBXFileReference; fileEncoding = 4; lastKnownFileType = sourcecode.c.h; name = "UIView+Toast.h"; path = "Utility/UIView+Toast.h"; sourceTree = "<group>"; };
		98A164221F484C9E005E85A1 /* UIView+Toast.m */ = {isa = PBXFileReference; fileEncoding = 4; lastKnownFileType = sourcecode.c.objc; name = "UIView+Toast.m"; path = "Utility/UIView+Toast.m"; sourceTree = "<group>"; };
		98BE3BAE1F47F4A4002EF3D5 /* ContactMap.app */ = {isa = PBXFileReference; explicitFileType = wrapper.application; includeInIndex = 0; path = ContactMap.app; sourceTree = BUILT_PRODUCTS_DIR; };
		98BE3BB21F47F4A4002EF3D5 /* main.m */ = {isa = PBXFileReference; lastKnownFileType = sourcecode.c.objc; path = main.m; sourceTree = "<group>"; };
		98BE3BB41F47F4A4002EF3D5 /* AppDelegate.h */ = {isa = PBXFileReference; lastKnownFileType = sourcecode.c.h; path = AppDelegate.h; sourceTree = "<group>"; };
		98BE3BB51F47F4A4002EF3D5 /* AppDelegate.m */ = {isa = PBXFileReference; lastKnownFileType = sourcecode.c.objc; path = AppDelegate.m; sourceTree = "<group>"; };
		98BE3BBB1F47F4A4002EF3D5 /* Base */ = {isa = PBXFileReference; lastKnownFileType = file.storyboard; name = Base; path = Base.lproj/Main.storyboard; sourceTree = "<group>"; };
		98BE3BBE1F47F4A4002EF3D5 /* ContactMap.xcdatamodel */ = {isa = PBXFileReference; lastKnownFileType = wrapper.xcdatamodel; path = ContactMap.xcdatamodel; sourceTree = "<group>"; };
		98BE3BC01F47F4A4002EF3D5 /* Assets.xcassets */ = {isa = PBXFileReference; lastKnownFileType = folder.assetcatalog; path = Assets.xcassets; sourceTree = "<group>"; };
		98BE3BC31F47F4A4002EF3D5 /* Base */ = {isa = PBXFileReference; lastKnownFileType = file.storyboard; name = Base; path = Base.lproj/LaunchScreen.storyboard; sourceTree = "<group>"; };
		98BE3BC51F47F4A4002EF3D5 /* Info.plist */ = {isa = PBXFileReference; lastKnownFileType = text.plist.xml; path = Info.plist; sourceTree = "<group>"; };
		98BE3BCC1F47F65C002EF3D5 /* AddContactViewController.h */ = {isa = PBXFileReference; fileEncoding = 4; lastKnownFileType = sourcecode.c.h; name = AddContactViewController.h; path = AddContact/AddContactViewController.h; sourceTree = "<group>"; };
		98BE3BCD1F47F65C002EF3D5 /* AddContactViewController.m */ = {isa = PBXFileReference; fileEncoding = 4; lastKnownFileType = sourcecode.c.objc; name = AddContactViewController.m; path = AddContact/AddContactViewController.m; sourceTree = "<group>"; };
		9FE7E9FE2D8895F91C5BBA49 /* Pods-ContactMap.release.xcconfig */ = {isa = PBXFileReference; includeInIndex = 1; lastKnownFileType = text.xcconfig; name = "Pods-ContactMap.release.xcconfig"; path = "Pods/Target Support Files/Pods-ContactMap/Pods-ContactMap.release.xcconfig"; sourceTree = "<group>"; };
		F98E8506B9AA7929EDF569FE /* libPods-ContactMap.a */ = {isa = PBXFileReference; explicitFileType = archive.ar; includeInIndex = 0; path = "libPods-ContactMap.a"; sourceTree = BUILT_PRODUCTS_DIR; };
/* End PBXFileReference section */

/* Begin PBXFrameworksBuildPhase section */
		98BE3BAB1F47F4A4002EF3D5 /* Frameworks */ = {
			isa = PBXFrameworksBuildPhase;
			buildActionMask = 2147483647;
			files = (
				42A5DF45CA9D465B9923E5E5 /* libPods-ContactMap.a in Frameworks */,
			);
			runOnlyForDeploymentPostprocessing = 0;
		};
/* End PBXFrameworksBuildPhase section */

/* Begin PBXGroup section */
		447AE13F6D8AB7AE84A3F70E /* Frameworks */ = {
			isa = PBXGroup;
			children = (
				F98E8506B9AA7929EDF569FE /* libPods-ContactMap.a */,
			);
			name = Frameworks;
			sourceTree = "<group>";
		};
		4EB82A79F7175CBFDAB6FCCB /* Pods */ = {
			isa = PBXGroup;
			children = (
				696724F95F3C5A5AC7F75736 /* Pods-ContactMap.debug.xcconfig */,
				9FE7E9FE2D8895F91C5BBA49 /* Pods-ContactMap.release.xcconfig */,
			);
			name = Pods;
			sourceTree = "<group>";
		};
		98A1641A1F481106005E85A1 /* ShowContactOnMap */ = {
			isa = PBXGroup;
			children = (
				98A1641B1F48113C005E85A1 /* ShowContactsViewController.h */,
				98A1641C1F48113C005E85A1 /* ShowContactsViewController.m */,
			);
			name = ShowContactOnMap;
			sourceTree = "<group>";
		};
		98A1641E1F484C40005E85A1 /* Utility */ = {
			isa = PBXGroup;
			children = (
				98A164211F484C9E005E85A1 /* UIView+Toast.h */,
				98A164221F484C9E005E85A1 /* UIView+Toast.m */,
			);
			name = Utility;
			sourceTree = "<group>";
		};
		98BE3BA51F47F4A4002EF3D5 = {
			isa = PBXGroup;
			children = (
				98BE3BB01F47F4A4002EF3D5 /* ContactMap */,
				98BE3BAF1F47F4A4002EF3D5 /* Products */,
				4EB82A79F7175CBFDAB6FCCB /* Pods */,
				447AE13F6D8AB7AE84A3F70E /* Frameworks */,
			);
			sourceTree = "<group>";
		};
		98BE3BAF1F47F4A4002EF3D5 /* Products */ = {
			isa = PBXGroup;
			children = (
				98BE3BAE1F47F4A4002EF3D5 /* ContactMap.app */,
			);
			name = Products;
			sourceTree = "<group>";
		};
		98BE3BB01F47F4A4002EF3D5 /* ContactMap */ = {
			isa = PBXGroup;
			children = (
				98A1641E1F484C40005E85A1 /* Utility */,
				98A1641A1F481106005E85A1 /* ShowContactOnMap */,
				98BE3BCB1F47F5DE002EF3D5 /* Add-Contact */,
				98BE3BB41F47F4A4002EF3D5 /* AppDelegate.h */,
				98BE3BB51F47F4A4002EF3D5 /* AppDelegate.m */,
				98BE3BBA1F47F4A4002EF3D5 /* Main.storyboard */,
				98BE3BC01F47F4A4002EF3D5 /* Assets.xcassets */,
				98BE3BC21F47F4A4002EF3D5 /* LaunchScreen.storyboard */,
				98BE3BC51F47F4A4002EF3D5 /* Info.plist */,
				98BE3BBD1F47F4A4002EF3D5 /* ContactMap.xcdatamodeld */,
				98BE3BB11F47F4A4002EF3D5 /* Supporting Files */,
			);
			path = ContactMap;
			sourceTree = "<group>";
		};
		98BE3BB11F47F4A4002EF3D5 /* Supporting Files */ = {
			isa = PBXGroup;
			children = (
				98BE3BB21F47F4A4002EF3D5 /* main.m */,
			);
			name = "Supporting Files";
			sourceTree = "<group>";
		};
		98BE3BCB1F47F5DE002EF3D5 /* Add-Contact */ = {
			isa = PBXGroup;
			children = (
				98BE3BCC1F47F65C002EF3D5 /* AddContactViewController.h */,
				98BE3BCD1F47F65C002EF3D5 /* AddContactViewController.m */,
			);
			name = "Add-Contact";
			sourceTree = "<group>";
		};
/* End PBXGroup section */

/* Begin PBXNativeTarget section */
		98BE3BAD1F47F4A4002EF3D5 /* ContactMap */ = {
			isa = PBXNativeTarget;
			buildConfigurationList = 98BE3BC81F47F4A4002EF3D5 /* Build configuration list for PBXNativeTarget "ContactMap" */;
			buildPhases = (
				5B811C6F55C6A17247498857 /* [CP] Check Pods Manifest.lock */,
				98BE3BAA1F47F4A4002EF3D5 /* Sources */,
				98BE3BAB1F47F4A4002EF3D5 /* Frameworks */,
				98BE3BAC1F47F4A4002EF3D5 /* Resources */,
				92F3BEB798AB4668851E4F53 /* [CP] Embed Pods Frameworks */,
				3A60F0811FE583032885A0AA /* [CP] Copy Pods Resources */,
			);
			buildRules = (
			);
			dependencies = (
			);
			name = ContactMap;
			productName = ContactMap;
			productReference = 98BE3BAE1F47F4A4002EF3D5 /* ContactMap.app */;
			productType = "com.apple.product-type.application";
		};
/* End PBXNativeTarget section */

/* Begin PBXProject section */
		98BE3BA61F47F4A4002EF3D5 /* Project object */ = {
			isa = PBXProject;
			attributes = {
				LastUpgradeCheck = 0820;
				ORGANIZATIONNAME = Sagoon;
				TargetAttributes = {
					98BE3BAD1F47F4A4002EF3D5 = {
						CreatedOnToolsVersion = 8.2.1;
						DevelopmentTeam = 4FT7PGP9C6;
						ProvisioningStyle = Automatic;
					};
				};
			};
			buildConfigurationList = 98BE3BA91F47F4A4002EF3D5 /* Build configuration list for PBXProject "ContactMap" */;
			compatibilityVersion = "Xcode 3.2";
			developmentRegion = English;
			hasScannedForEncodings = 0;
			knownRegions = (
				en,
				Base,
			);
			mainGroup = 98BE3BA51F47F4A4002EF3D5;
			productRefGroup = 98BE3BAF1F47F4A4002EF3D5 /* Products */;
			projectDirPath = "";
			projectRoot = "";
			targets = (
				98BE3BAD1F47F4A4002EF3D5 /* ContactMap */,
			);
		};
/* End PBXProject section */

/* Begin PBXResourcesBuildPhase section */
		98BE3BAC1F47F4A4002EF3D5 /* Resources */ = {
			isa = PBXResourcesBuildPhase;
			buildActionMask = 2147483647;
			files = (
				98BE3BC41F47F4A4002EF3D5 /* LaunchScreen.storyboard in Resources */,
				98BE3BC11F47F4A4002EF3D5 /* Assets.xcassets in Resources */,
				98BE3BBC1F47F4A4002EF3D5 /* Main.storyboard in Resources */,
			);
			runOnlyForDeploymentPostprocessing = 0;
		};
/* End PBXResourcesBuildPhase section */

/* Begin PBXShellScriptBuildPhase section */
		3A60F0811FE583032885A0AA /* [CP] Copy Pods Resources */ = {
			isa = PBXShellScriptBuildPhase;
			buildActionMask = 2147483647;
			files = (
			);
			inputPaths = (
			);
			name = "[CP] Copy Pods Resources";
			outputPaths = (
			);
			runOnlyForDeploymentPostprocessing = 0;
			shellPath = /bin/sh;
			shellScript = "\"${SRCROOT}/Pods/Target Support Files/Pods-ContactMap/Pods-ContactMap-resources.sh\"\n";
			showEnvVarsInLog = 0;
		};
		5B811C6F55C6A17247498857 /* [CP] Check Pods Manifest.lock */ = {
			isa = PBXShellScriptBuildPhase;
			buildActionMask = 2147483647;
			files = (
			);
			inputPaths = (
			);
			name = "[CP] Check Pods Manifest.lock";
			outputPaths = (
			);
			runOnlyForDeploymentPostprocessing = 0;
			shellPath = /bin/sh;
			shellScript = "diff \"${PODS_PODFILE_DIR_PATH}/Podfile.lock\" \"${PODS_ROOT}/Manifest.lock\" > /dev/null\nif [ $? != 0 ] ; then\n    # print error to STDERR\n    echo \"error: The sandbox is not in sync with the Podfile.lock. Run 'pod install' or update your CocoaPods installation.\" >&2\n    exit 1\nfi\n";
			showEnvVarsInLog = 0;
		};
		92F3BEB798AB4668851E4F53 /* [CP] Embed Pods Frameworks */ = {
			isa = PBXShellScriptBuildPhase;
			buildActionMask = 2147483647;
			files = (
			);
			inputPaths = (
			);
			name = "[CP] Embed Pods Frameworks";
			outputPaths = (
			);
			runOnlyForDeploymentPostprocessing = 0;
			shellPath = /bin/sh;
			shellScript = "\"${SRCROOT}/Pods/Target Support Files/Pods-ContactMap/Pods-ContactMap-frameworks.sh\"\n";
			showEnvVarsInLog = 0;
		};
/* End PBXShellScriptBuildPhase section */

/* Begin PBXSourcesBuildPhase section */
		98BE3BAA1F47F4A4002EF3D5 /* Sources */ = {
			isa = PBXSourcesBuildPhase;
			buildActionMask = 2147483647;
			files = (
				98A164231F484C9E005E85A1 /* UIView+Toast.m in Sources */,
				98BE3BBF1F47F4A4002EF3D5 /* ContactMap.xcdatamodeld in Sources */,
				98A1641D1F48113C005E85A1 /* ShowContactsViewController.m in Sources */,
				98BE3BCE1F47F65C002EF3D5 /* AddContactViewController.m in Sources */,
				98BE3BB61F47F4A4002EF3D5 /* AppDelegate.m in Sources */,
				98BE3BB31F47F4A4002EF3D5 /* main.m in Sources */,
			);
			runOnlyForDeploymentPostprocessing = 0;
		};
/* End PBXSourcesBuildPhase section */

/* Begin PBXVariantGroup section */
		98BE3BBA1F47F4A4002EF3D5 /* Main.storyboard */ = {
			isa = PBXVariantGroup;
			children = (
				98BE3BBB1F47F4A4002EF3D5 /* Base */,
			);
			name = Main.storyboard;
			sourceTree = "<group>";
		};
		98BE3BC21F47F4A4002EF3D5 /* LaunchScreen.storyboard */ = {
			isa = PBXVariantGroup;
			children = (
				98BE3BC31F47F4A4002EF3D5 /* Base */,
			);
			name = LaunchScreen.storyboard;
			sourceTree = "<group>";
		};
/* End PBXVariantGroup section */

/* Begin XCBuildConfiguration section */
		98BE3BC61F47F4A4002EF3D5 /* Debug */ = {
			isa = XCBuildConfiguration;
			buildSettings = {
				ALWAYS_SEARCH_USER_PATHS = NO;
				CLANG_ANALYZER_NONNULL = YES;
				CLANG_CXX_LANGUAGE_STANDARD = "gnu++0x";
				CLANG_CXX_LIBRARY = "libc++";
				CLANG_ENABLE_MODULES = YES;
				CLANG_ENABLE_OBJC_ARC = YES;
				CLANG_WARN_BOOL_CONVERSION = YES;
				CLANG_WARN_CONSTANT_CONVERSION = YES;
				CLANG_WARN_DIRECT_OBJC_ISA_USAGE = YES_ERROR;
				CLANG_WARN_DOCUMENTATION_COMMENTS = YES;
				CLANG_WARN_EMPTY_BODY = YES;
				CLANG_WARN_ENUM_CONVERSION = YES;
				CLANG_WARN_INFINITE_RECURSION = YES;
				CLANG_WARN_INT_CONVERSION = YES;
				CLANG_WARN_OBJC_ROOT_CLASS = YES_ERROR;
				CLANG_WARN_SUSPICIOUS_MOVE = YES;
				CLANG_WARN_UNREACHABLE_CODE = YES;
				CLANG_WARN__DUPLICATE_METHOD_MATCH = YES;
				"CODE_SIGN_IDENTITY[sdk=iphoneos*]" = "iPhone Developer";
				COPY_PHASE_STRIP = NO;
				DEBUG_INFORMATION_FORMAT = dwarf;
				ENABLE_STRICT_OBJC_MSGSEND = YES;
				ENABLE_TESTABILITY = YES;
				GCC_C_LANGUAGE_STANDARD = gnu99;
				GCC_DYNAMIC_NO_PIC = NO;
				GCC_NO_COMMON_BLOCKS = YES;
				GCC_OPTIMIZATION_LEVEL = 0;
				GCC_PREPROCESSOR_DEFINITIONS = (
					"DEBUG=1",
					"$(inherited)",
				);
				GCC_WARN_64_TO_32_BIT_CONVERSION = YES;
				GCC_WARN_ABOUT_RETURN_TYPE = YES_ERROR;
				GCC_WARN_UNDECLARED_SELECTOR = YES;
				GCC_WARN_UNINITIALIZED_AUTOS = YES_AGGRESSIVE;
				GCC_WARN_UNUSED_FUNCTION = YES;
				GCC_WARN_UNUSED_VARIABLE = YES;
				IPHONEOS_DEPLOYMENT_TARGET = 10.2;
				MTL_ENABLE_DEBUG_INFO = YES;
				ONLY_ACTIVE_ARCH = YES;
				SDKROOT = iphoneos;
			};
			name = Debug;
		};
		98BE3BC71F47F4A4002EF3D5 /* Release */ = {
			isa = XCBuildConfiguration;
			buildSettings = {
				ALWAYS_SEARCH_USER_PATHS = NO;
				CLANG_ANALYZER_NONNULL = YES;
				CLANG_CXX_LANGUAGE_STANDARD = "gnu++0x";
				CLANG_CXX_LIBRARY = "libc++";
				CLANG_ENABLE_MODULES = YES;
				CLANG_ENABLE_OBJC_ARC = YES;
				CLANG_WARN_BOOL_CONVERSION = YES;
				CLANG_WARN_CONSTANT_CONVERSION = YES;
				CLANG_WARN_DIRECT_OBJC_ISA_USAGE = YES_ERROR;
				CLANG_WARN_DOCUMENTATION_COMMENTS = YES;
				CLANG_WARN_EMPTY_BODY = YES;
				CLANG_WARN_ENUM_CONVERSION = YES;
				CLANG_WARN_INFINITE_RECURSION = YES;
				CLANG_WARN_INT_CONVERSION = YES;
				CLANG_WARN_OBJC_ROOT_CLASS = YES_ERROR;
				CLANG_WARN_SUSPICIOUS_MOVE = YES;
				CLANG_WARN_UNREACHABLE_CODE = YES;
				CLANG_WARN__DUPLICATE_METHOD_MATCH = YES;
				"CODE_SIGN_IDENTITY[sdk=iphoneos*]" = "iPhone Developer";
				COPY_PHASE_STRIP = NO;
				DEBUG_INFORMATION_FORMAT = "dwarf-with-dsym";
				ENABLE_NS_ASSERTIONS = NO;
				ENABLE_STRICT_OBJC_MSGSEND = YES;
				GCC_C_LANGUAGE_STANDARD = gnu99;
				GCC_NO_COMMON_BLOCKS = YES;
				GCC_WARN_64_TO_32_BIT_CONVERSION = YES;
				GCC_WARN_ABOUT_RETURN_TYPE = YES_ERROR;
				GCC_WARN_UNDECLARED_SELECTOR = YES;
				GCC_WARN_UNINITIALIZED_AUTOS = YES_AGGRESSIVE;
				GCC_WARN_UNUSED_FUNCTION = YES;
				GCC_WARN_UNUSED_VARIABLE = YES;
				IPHONEOS_DEPLOYMENT_TARGET = 10.2;
				MTL_ENABLE_DEBUG_INFO = NO;
				SDKROOT = iphoneos;
				VALIDATE_PRODUCT = YES;
			};
			name = Release;
		};
		98BE3BC91F47F4A4002EF3D5 /* Debug */ = {
			isa = XCBuildConfiguration;
			baseConfigurationReference = 696724F95F3C5A5AC7F75736 /* Pods-ContactMap.debug.xcconfig */;
			buildSettings = {
				ASSETCATALOG_COMPILER_APPICON_NAME = AppIcon;
				DEVELOPMENT_TEAM = 4FT7PGP9C6;
				INFOPLIST_FILE = ContactMap/Info.plist;
				LD_RUNPATH_SEARCH_PATHS = "$(inherited) @executable_path/Frameworks";
				PRODUCT_BUNDLE_IDENTIFIER = com.wydr.dev;
				PRODUCT_NAME = "$(TARGET_NAME)";
			};
			name = Debug;
		};
		98BE3BCA1F47F4A4002EF3D5 /* Release */ = {
			isa = XCBuildConfiguration;
			baseConfigurationReference = 9FE7E9FE2D8895F91C5BBA49 /* Pods-ContactMap.release.xcconfig */;
			buildSettings = {
				ASSETCATALOG_COMPILER_APPICON_NAME = AppIcon;
				DEVELOPMENT_TEAM = 4FT7PGP9C6;
				INFOPLIST_FILE = ContactMap/Info.plist;
				LD_RUNPATH_SEARCH_PATHS = "$(inherited) @executable_path/Frameworks";
				PRODUCT_BUNDLE_IDENTIFIER = com.wydr.dev;
				PRODUCT_NAME = "$(TARGET_NAME)";
			};
			name = Release;
		};
/* End XCBuildConfiguration section */

/* Begin XCConfigurationList section */
		98BE3BA91F47F4A4002EF3D5 /* Build configuration list for PBXProject "ContactMap" */ = {
			isa = XCConfigurationList;
			buildConfigurations = (
				98BE3BC61F47F4A4002EF3D5 /* Debug */,
				98BE3BC71F47F4A4002EF3D5 /* Release */,
			);
			defaultConfigurationIsVisible = 0;
			defaultConfigurationName = Release;
		};
		98BE3BC81F47F4A4002EF3D5 /* Build configuration list for PBXNativeTarget "ContactMap" */ = {
			isa = XCConfigurationList;
			buildConfigurations = (
				98BE3BC91F47F4A4002EF3D5 /* Debug */,
				98BE3BCA1F47F4A4002EF3D5 /* Release */,
			);
			defaultConfigurationIsVisible = 0;
			defaultConfigurationName = Release;
		};
/* End XCConfigurationList section */

/* Begin XCVersionGroup section */
		98BE3BBD1F47F4A4002EF3D5 /* ContactMap.xcdatamodeld */ = {
			isa = XCVersionGroup;
			children = (
				98BE3BBE1F47F4A4002EF3D5 /* ContactMap.xcdatamodel */,
			);
			currentVersion = 98BE3BBE1F47F4A4002EF3D5 /* ContactMap.xcdatamodel */;
			path = ContactMap.xcdatamodeld;
			sourceTree = "<group>";
			versionGroupType = wrapper.xcdatamodel;
		};
/* End XCVersionGroup section */
	};
	rootObject = 98BE3BA61F47F4A4002EF3D5 /* Project object */;
}
